// !$*UTF8*$!
{
	archiveVersion = 1;
	classes = {
	};
	objectVersion = 56;
	objects = {

/* Begin PBXBuildFile section */
		CB78182B2B7D802B0077671A /* prefabApp.swift in Sources */ = {isa = PBXBuildFile; fileRef = CB78182A2B7D802B0077671A /* prefabApp.swift */; };
		CB78182D2B7D802B0077671A /* ContentView.swift in Sources */ = {isa = PBXBuildFile; fileRef = CB78182C2B7D802B0077671A /* ContentView.swift */; };
		CB78182F2B7D802B0077671A /* Assets.xcassets in Resources */ = {isa = PBXBuildFile; fileRef = CB78182E2B7D802B0077671A /* Assets.xcassets */; };
		CB7818322B7D802B0077671A /* Preview Assets.xcassets in Resources */ = {isa = PBXBuildFile; fileRef = CB7818312B7D802B0077671A /* Preview Assets.xcassets */; };
		CB78183C2B7D802B0077671A /* prefabTests.swift in Sources */ = {isa = PBXBuildFile; fileRef = CB78183B2B7D802B0077671A /* prefabTests.swift */; };
		CB7818462B7D802B0077671A /* prefabUITests.swift in Sources */ = {isa = PBXBuildFile; fileRef = CB7818452B7D802B0077671A /* prefabUITests.swift */; };
		CB7818482B7D802B0077671A /* prefabUITestsLaunchTests.swift in Sources */ = {isa = PBXBuildFile; fileRef = CB7818472B7D802B0077671A /* prefabUITestsLaunchTests.swift */; };
		CB78185B2B7D812E0077671A /* Hummingbird in Frameworks */ = {isa = PBXBuildFile; productRef = CB78185A2B7D812E0077671A /* Hummingbird */; };
		CB9C518A2B7D8493007C1AD4 /* Data.swift in Sources */ = {isa = PBXBuildFile; fileRef = CB9C51872B7D8493007C1AD4 /* Data.swift */; };
		CB9C518B2B7D8493007C1AD4 /* Server.swift in Sources */ = {isa = PBXBuildFile; fileRef = CB9C51882B7D8493007C1AD4 /* Server.swift */; };
		CB9C518C2B7D8493007C1AD4 /* Routes.swift in Sources */ = {isa = PBXBuildFile; fileRef = CB9C51892B7D8493007C1AD4 /* Routes.swift */; };
		CB9C518F2B7D849D007C1AD4 /* HomeStore.swift in Sources */ = {isa = PBXBuildFile; fileRef = CB9C518E2B7D849D007C1AD4 /* HomeStore.swift */; };
/* End PBXBuildFile section */

/* Begin PBXContainerItemProxy section */
		CB7818382B7D802B0077671A /* PBXContainerItemProxy */ = {
			isa = PBXContainerItemProxy;
			containerPortal = CB78181F2B7D802A0077671A /* Project object */;
			proxyType = 1;
			remoteGlobalIDString = CB7818262B7D802B0077671A;
			remoteInfo = prefab;
		};
		CB7818422B7D802B0077671A /* PBXContainerItemProxy */ = {
			isa = PBXContainerItemProxy;
			containerPortal = CB78181F2B7D802A0077671A /* Project object */;
			proxyType = 1;
			remoteGlobalIDString = CB7818262B7D802B0077671A;
			remoteInfo = prefab;
		};
/* End PBXContainerItemProxy section */

/* Begin PBXFileReference section */
		CB7818272B7D802B0077671A /* prefab.app */ = {isa = PBXFileReference; explicitFileType = wrapper.application; includeInIndex = 0; path = prefab.app; sourceTree = BUILT_PRODUCTS_DIR; };
		CB78182A2B7D802B0077671A /* prefabApp.swift */ = {isa = PBXFileReference; lastKnownFileType = sourcecode.swift; path = prefabApp.swift; sourceTree = "<group>"; };
		CB78182C2B7D802B0077671A /* ContentView.swift */ = {isa = PBXFileReference; lastKnownFileType = sourcecode.swift; path = ContentView.swift; sourceTree = "<group>"; };
		CB78182E2B7D802B0077671A /* Assets.xcassets */ = {isa = PBXFileReference; lastKnownFileType = folder.assetcatalog; path = Assets.xcassets; sourceTree = "<group>"; };
		CB7818312B7D802B0077671A /* Preview Assets.xcassets */ = {isa = PBXFileReference; lastKnownFileType = folder.assetcatalog; path = "Preview Assets.xcassets"; sourceTree = "<group>"; };
		CB7818372B7D802B0077671A /* prefabTests.xctest */ = {isa = PBXFileReference; explicitFileType = wrapper.cfbundle; includeInIndex = 0; path = prefabTests.xctest; sourceTree = BUILT_PRODUCTS_DIR; };
		CB78183B2B7D802B0077671A /* prefabTests.swift */ = {isa = PBXFileReference; lastKnownFileType = sourcecode.swift; path = prefabTests.swift; sourceTree = "<group>"; };
		CB7818412B7D802B0077671A /* prefabUITests.xctest */ = {isa = PBXFileReference; explicitFileType = wrapper.cfbundle; includeInIndex = 0; path = prefabUITests.xctest; sourceTree = BUILT_PRODUCTS_DIR; };
		CB7818452B7D802B0077671A /* prefabUITests.swift */ = {isa = PBXFileReference; lastKnownFileType = sourcecode.swift; path = prefabUITests.swift; sourceTree = "<group>"; };
		CB7818472B7D802B0077671A /* prefabUITestsLaunchTests.swift */ = {isa = PBXFileReference; lastKnownFileType = sourcecode.swift; path = prefabUITestsLaunchTests.swift; sourceTree = "<group>"; };
		CB7818542B7D805E0077671A /* prefab.entitlements */ = {isa = PBXFileReference; lastKnownFileType = text.plist.entitlements; path = prefab.entitlements; sourceTree = "<group>"; };
		CB9C51872B7D8493007C1AD4 /* Data.swift */ = {isa = PBXFileReference; fileEncoding = 4; lastKnownFileType = sourcecode.swift; path = Data.swift; sourceTree = "<group>"; };
		CB9C51882B7D8493007C1AD4 /* Server.swift */ = {isa = PBXFileReference; fileEncoding = 4; lastKnownFileType = sourcecode.swift; path = Server.swift; sourceTree = "<group>"; };
		CB9C51892B7D8493007C1AD4 /* Routes.swift */ = {isa = PBXFileReference; fileEncoding = 4; lastKnownFileType = sourcecode.swift; path = Routes.swift; sourceTree = "<group>"; };
		CB9C518E2B7D849D007C1AD4 /* HomeStore.swift */ = {isa = PBXFileReference; fileEncoding = 4; lastKnownFileType = sourcecode.swift; path = HomeStore.swift; sourceTree = "<group>"; };
/* End PBXFileReference section */

/* Begin PBXFrameworksBuildPhase section */
		CB7818242B7D802B0077671A /* Frameworks */ = {
			isa = PBXFrameworksBuildPhase;
			buildActionMask = 2147483647;
			files = (
				CB78185B2B7D812E0077671A /* Hummingbird in Frameworks */,
			);
			runOnlyForDeploymentPostprocessing = 0;
		};
		CB7818342B7D802B0077671A /* Frameworks */ = {
			isa = PBXFrameworksBuildPhase;
			buildActionMask = 2147483647;
			files = (
			);
			runOnlyForDeploymentPostprocessing = 0;
		};
		CB78183E2B7D802B0077671A /* Frameworks */ = {
			isa = PBXFrameworksBuildPhase;
			buildActionMask = 2147483647;
			files = (
			);
			runOnlyForDeploymentPostprocessing = 0;
		};
/* End PBXFrameworksBuildPhase section */

/* Begin PBXGroup section */
		CB78181E2B7D802A0077671A = {
			isa = PBXGroup;
			children = (
				CB7818292B7D802B0077671A /* prefab */,
				CB78183A2B7D802B0077671A /* prefabTests */,
				CB7818442B7D802B0077671A /* prefabUITests */,
				CB7818282B7D802B0077671A /* Products */,
			);
			sourceTree = "<group>";
		};
		CB7818282B7D802B0077671A /* Products */ = {
			isa = PBXGroup;
			children = (
				CB7818272B7D802B0077671A /* prefab.app */,
				CB7818372B7D802B0077671A /* prefabTests.xctest */,
				CB7818412B7D802B0077671A /* prefabUITests.xctest */,
			);
			name = Products;
			sourceTree = "<group>";
		};
		CB7818292B7D802B0077671A /* prefab */ = {
			isa = PBXGroup;
			children = (
				CB9C518D2B7D849D007C1AD4 /* model */,
				CB9C51862B7D8493007C1AD4 /* http */,
				CB7818542B7D805E0077671A /* prefab.entitlements */,
				CB78182A2B7D802B0077671A /* prefabApp.swift */,
				CB78182C2B7D802B0077671A /* ContentView.swift */,
				CB78182E2B7D802B0077671A /* Assets.xcassets */,
				CB7818302B7D802B0077671A /* Preview Content */,
			);
			path = prefab;
			sourceTree = "<group>";
		};
		CB7818302B7D802B0077671A /* Preview Content */ = {
			isa = PBXGroup;
			children = (
				CB7818312B7D802B0077671A /* Preview Assets.xcassets */,
			);
			path = "Preview Content";
			sourceTree = "<group>";
		};
		CB78183A2B7D802B0077671A /* prefabTests */ = {
			isa = PBXGroup;
			children = (
				CB78183B2B7D802B0077671A /* prefabTests.swift */,
			);
			path = prefabTests;
			sourceTree = "<group>";
		};
		CB7818442B7D802B0077671A /* prefabUITests */ = {
			isa = PBXGroup;
			children = (
				CB7818452B7D802B0077671A /* prefabUITests.swift */,
				CB7818472B7D802B0077671A /* prefabUITestsLaunchTests.swift */,
			);
			path = prefabUITests;
			sourceTree = "<group>";
		};
		CB9C51862B7D8493007C1AD4 /* http */ = {
			isa = PBXGroup;
			children = (
				CB9C51872B7D8493007C1AD4 /* Data.swift */,
				CB9C51882B7D8493007C1AD4 /* Server.swift */,
				CB9C51892B7D8493007C1AD4 /* Routes.swift */,
			);
			path = http;
			sourceTree = "<group>";
		};
		CB9C518D2B7D849D007C1AD4 /* model */ = {
			isa = PBXGroup;
			children = (
				CB9C518E2B7D849D007C1AD4 /* HomeStore.swift */,
			);
			path = model;
			sourceTree = "<group>";
		};
/* End PBXGroup section */

/* Begin PBXNativeTarget section */
		CB7818262B7D802B0077671A /* prefab */ = {
			isa = PBXNativeTarget;
			buildConfigurationList = CB78184B2B7D802B0077671A /* Build configuration list for PBXNativeTarget "prefab" */;
			buildPhases = (
				CB7818232B7D802B0077671A /* Sources */,
				CB7818242B7D802B0077671A /* Frameworks */,
				CB7818252B7D802B0077671A /* Resources */,
			);
			buildRules = (
			);
			dependencies = (
			);
			name = prefab;
			packageProductDependencies = (
				CB78185A2B7D812E0077671A /* Hummingbird */,
			);
			productName = prefab;
			productReference = CB7818272B7D802B0077671A /* prefab.app */;
			productType = "com.apple.product-type.application";
		};
		CB7818362B7D802B0077671A /* prefabTests */ = {
			isa = PBXNativeTarget;
			buildConfigurationList = CB78184E2B7D802B0077671A /* Build configuration list for PBXNativeTarget "prefabTests" */;
			buildPhases = (
				CB7818332B7D802B0077671A /* Sources */,
				CB7818342B7D802B0077671A /* Frameworks */,
				CB7818352B7D802B0077671A /* Resources */,
			);
			buildRules = (
			);
			dependencies = (
				CB7818392B7D802B0077671A /* PBXTargetDependency */,
			);
			name = prefabTests;
			productName = prefabTests;
			productReference = CB7818372B7D802B0077671A /* prefabTests.xctest */;
			productType = "com.apple.product-type.bundle.unit-test";
		};
		CB7818402B7D802B0077671A /* prefabUITests */ = {
			isa = PBXNativeTarget;
			buildConfigurationList = CB7818512B7D802B0077671A /* Build configuration list for PBXNativeTarget "prefabUITests" */;
			buildPhases = (
				CB78183D2B7D802B0077671A /* Sources */,
				CB78183E2B7D802B0077671A /* Frameworks */,
				CB78183F2B7D802B0077671A /* Resources */,
			);
			buildRules = (
			);
			dependencies = (
				CB7818432B7D802B0077671A /* PBXTargetDependency */,
			);
			name = prefabUITests;
			productName = prefabUITests;
			productReference = CB7818412B7D802B0077671A /* prefabUITests.xctest */;
			productType = "com.apple.product-type.bundle.ui-testing";
		};
/* End PBXNativeTarget section */

/* Begin PBXProject section */
		CB78181F2B7D802A0077671A /* Project object */ = {
			isa = PBXProject;
			attributes = {
				BuildIndependentTargetsInParallel = 1;
				LastSwiftUpdateCheck = 1520;
				LastUpgradeCheck = 1520;
				TargetAttributes = {
					CB7818262B7D802B0077671A = {
						CreatedOnToolsVersion = 15.2;
					};
					CB7818362B7D802B0077671A = {
						CreatedOnToolsVersion = 15.2;
						TestTargetID = CB7818262B7D802B0077671A;
					};
					CB7818402B7D802B0077671A = {
						CreatedOnToolsVersion = 15.2;
						TestTargetID = CB7818262B7D802B0077671A;
					};
				};
			};
			buildConfigurationList = CB7818222B7D802A0077671A /* Build configuration list for PBXProject "prefab" */;
			compatibilityVersion = "Xcode 14.0";
			developmentRegion = en;
			hasScannedForEncodings = 0;
			knownRegions = (
				en,
				Base,
			);
			mainGroup = CB78181E2B7D802A0077671A;
			packageReferences = (
				CB7818592B7D812E0077671A /* XCRemoteSwiftPackageReference "hummingbird" */,
			);
			productRefGroup = CB7818282B7D802B0077671A /* Products */;
			projectDirPath = "";
			projectRoot = "";
			targets = (
				CB7818262B7D802B0077671A /* prefab */,
				CB7818362B7D802B0077671A /* prefabTests */,
				CB7818402B7D802B0077671A /* prefabUITests */,
			);
		};
/* End PBXProject section */

/* Begin PBXResourcesBuildPhase section */
		CB7818252B7D802B0077671A /* Resources */ = {
			isa = PBXResourcesBuildPhase;
			buildActionMask = 2147483647;
			files = (
				CB7818322B7D802B0077671A /* Preview Assets.xcassets in Resources */,
				CB78182F2B7D802B0077671A /* Assets.xcassets in Resources */,
			);
			runOnlyForDeploymentPostprocessing = 0;
		};
		CB7818352B7D802B0077671A /* Resources */ = {
			isa = PBXResourcesBuildPhase;
			buildActionMask = 2147483647;
			files = (
			);
			runOnlyForDeploymentPostprocessing = 0;
		};
		CB78183F2B7D802B0077671A /* Resources */ = {
			isa = PBXResourcesBuildPhase;
			buildActionMask = 2147483647;
			files = (
			);
			runOnlyForDeploymentPostprocessing = 0;
		};
/* End PBXResourcesBuildPhase section */

/* Begin PBXSourcesBuildPhase section */
		CB7818232B7D802B0077671A /* Sources */ = {
			isa = PBXSourcesBuildPhase;
			buildActionMask = 2147483647;
			files = (
				CB78182D2B7D802B0077671A /* ContentView.swift in Sources */,
				CB9C518A2B7D8493007C1AD4 /* Data.swift in Sources */,
				CB9C518C2B7D8493007C1AD4 /* Routes.swift in Sources */,
				CB9C518B2B7D8493007C1AD4 /* Server.swift in Sources */,
				CB9C518F2B7D849D007C1AD4 /* HomeStore.swift in Sources */,
				CB78182B2B7D802B0077671A /* prefabApp.swift in Sources */,
			);
			runOnlyForDeploymentPostprocessing = 0;
		};
		CB7818332B7D802B0077671A /* Sources */ = {
			isa = PBXSourcesBuildPhase;
			buildActionMask = 2147483647;
			files = (
				CB78183C2B7D802B0077671A /* prefabTests.swift in Sources */,
			);
			runOnlyForDeploymentPostprocessing = 0;
		};
		CB78183D2B7D802B0077671A /* Sources */ = {
			isa = PBXSourcesBuildPhase;
			buildActionMask = 2147483647;
			files = (
				CB7818482B7D802B0077671A /* prefabUITestsLaunchTests.swift in Sources */,
				CB7818462B7D802B0077671A /* prefabUITests.swift in Sources */,
			);
			runOnlyForDeploymentPostprocessing = 0;
		};
/* End PBXSourcesBuildPhase section */

/* Begin PBXTargetDependency section */
		CB7818392B7D802B0077671A /* PBXTargetDependency */ = {
			isa = PBXTargetDependency;
			target = CB7818262B7D802B0077671A /* prefab */;
			targetProxy = CB7818382B7D802B0077671A /* PBXContainerItemProxy */;
		};
		CB7818432B7D802B0077671A /* PBXTargetDependency */ = {
			isa = PBXTargetDependency;
			target = CB7818262B7D802B0077671A /* prefab */;
			targetProxy = CB7818422B7D802B0077671A /* PBXContainerItemProxy */;
		};
/* End PBXTargetDependency section */

/* Begin XCBuildConfiguration section */
		CB7818492B7D802B0077671A /* Debug */ = {
			isa = XCBuildConfiguration;
			buildSettings = {
				ALWAYS_SEARCH_USER_PATHS = NO;
				ASSETCATALOG_COMPILER_GENERATE_SWIFT_ASSET_SYMBOL_EXTENSIONS = YES;
				CLANG_ANALYZER_NONNULL = YES;
				CLANG_ANALYZER_NUMBER_OBJECT_CONVERSION = YES_AGGRESSIVE;
				CLANG_CXX_LANGUAGE_STANDARD = "gnu++20";
				CLANG_ENABLE_MODULES = YES;
				CLANG_ENABLE_OBJC_ARC = YES;
				CLANG_ENABLE_OBJC_WEAK = YES;
				CLANG_WARN_BLOCK_CAPTURE_AUTORELEASING = YES;
				CLANG_WARN_BOOL_CONVERSION = YES;
				CLANG_WARN_COMMA = YES;
				CLANG_WARN_CONSTANT_CONVERSION = YES;
				CLANG_WARN_DEPRECATED_OBJC_IMPLEMENTATIONS = YES;
				CLANG_WARN_DIRECT_OBJC_ISA_USAGE = YES_ERROR;
				CLANG_WARN_DOCUMENTATION_COMMENTS = YES;
				CLANG_WARN_EMPTY_BODY = YES;
				CLANG_WARN_ENUM_CONVERSION = YES;
				CLANG_WARN_INFINITE_RECURSION = YES;
				CLANG_WARN_INT_CONVERSION = YES;
				CLANG_WARN_NON_LITERAL_NULL_CONVERSION = YES;
				CLANG_WARN_OBJC_IMPLICIT_RETAIN_SELF = YES;
				CLANG_WARN_OBJC_LITERAL_CONVERSION = YES;
				CLANG_WARN_OBJC_ROOT_CLASS = YES_ERROR;
				CLANG_WARN_QUOTED_INCLUDE_IN_FRAMEWORK_HEADER = YES;
				CLANG_WARN_RANGE_LOOP_ANALYSIS = YES;
				CLANG_WARN_STRICT_PROTOTYPES = YES;
				CLANG_WARN_SUSPICIOUS_MOVE = YES;
				CLANG_WARN_UNGUARDED_AVAILABILITY = YES_AGGRESSIVE;
				CLANG_WARN_UNREACHABLE_CODE = YES;
				CLANG_WARN__DUPLICATE_METHOD_MATCH = YES;
				COPY_PHASE_STRIP = NO;
				DEBUG_INFORMATION_FORMAT = dwarf;
				ENABLE_STRICT_OBJC_MSGSEND = YES;
				ENABLE_TESTABILITY = YES;
				ENABLE_USER_SCRIPT_SANDBOXING = YES;
				GCC_C_LANGUAGE_STANDARD = gnu17;
				GCC_DYNAMIC_NO_PIC = NO;
				GCC_NO_COMMON_BLOCKS = YES;
				GCC_OPTIMIZATION_LEVEL = 0;
				GCC_PREPROCESSOR_DEFINITIONS = (
					"DEBUG=1",
					"$(inherited)",
				);
				GCC_WARN_64_TO_32_BIT_CONVERSION = YES;
				GCC_WARN_ABOUT_RETURN_TYPE = YES_ERROR;
				GCC_WARN_UNDECLARED_SELECTOR = YES;
				GCC_WARN_UNINITIALIZED_AUTOS = YES_AGGRESSIVE;
				GCC_WARN_UNUSED_FUNCTION = YES;
				GCC_WARN_UNUSED_VARIABLE = YES;
				IPHONEOS_DEPLOYMENT_TARGET = 17.2;
				LOCALIZATION_PREFERS_STRING_CATALOGS = YES;
				MTL_ENABLE_DEBUG_INFO = INCLUDE_SOURCE;
				MTL_FAST_MATH = YES;
				ONLY_ACTIVE_ARCH = YES;
				SDKROOT = iphoneos;
				SWIFT_ACTIVE_COMPILATION_CONDITIONS = "DEBUG $(inherited)";
				SWIFT_OPTIMIZATION_LEVEL = "-Onone";
			};
			name = Debug;
		};
		CB78184A2B7D802B0077671A /* Release */ = {
			isa = XCBuildConfiguration;
			buildSettings = {
				ALWAYS_SEARCH_USER_PATHS = NO;
				ASSETCATALOG_COMPILER_GENERATE_SWIFT_ASSET_SYMBOL_EXTENSIONS = YES;
				CLANG_ANALYZER_NONNULL = YES;
				CLANG_ANALYZER_NUMBER_OBJECT_CONVERSION = YES_AGGRESSIVE;
				CLANG_CXX_LANGUAGE_STANDARD = "gnu++20";
				CLANG_ENABLE_MODULES = YES;
				CLANG_ENABLE_OBJC_ARC = YES;
				CLANG_ENABLE_OBJC_WEAK = YES;
				CLANG_WARN_BLOCK_CAPTURE_AUTORELEASING = YES;
				CLANG_WARN_BOOL_CONVERSION = YES;
				CLANG_WARN_COMMA = YES;
				CLANG_WARN_CONSTANT_CONVERSION = YES;
				CLANG_WARN_DEPRECATED_OBJC_IMPLEMENTATIONS = YES;
				CLANG_WARN_DIRECT_OBJC_ISA_USAGE = YES_ERROR;
				CLANG_WARN_DOCUMENTATION_COMMENTS = YES;
				CLANG_WARN_EMPTY_BODY = YES;
				CLANG_WARN_ENUM_CONVERSION = YES;
				CLANG_WARN_INFINITE_RECURSION = YES;
				CLANG_WARN_INT_CONVERSION = YES;
				CLANG_WARN_NON_LITERAL_NULL_CONVERSION = YES;
				CLANG_WARN_OBJC_IMPLICIT_RETAIN_SELF = YES;
				CLANG_WARN_OBJC_LITERAL_CONVERSION = YES;
				CLANG_WARN_OBJC_ROOT_CLASS = YES_ERROR;
				CLANG_WARN_QUOTED_INCLUDE_IN_FRAMEWORK_HEADER = YES;
				CLANG_WARN_RANGE_LOOP_ANALYSIS = YES;
				CLANG_WARN_STRICT_PROTOTYPES = YES;
				CLANG_WARN_SUSPICIOUS_MOVE = YES;
				CLANG_WARN_UNGUARDED_AVAILABILITY = YES_AGGRESSIVE;
				CLANG_WARN_UNREACHABLE_CODE = YES;
				CLANG_WARN__DUPLICATE_METHOD_MATCH = YES;
				COPY_PHASE_STRIP = NO;
				DEBUG_INFORMATION_FORMAT = "dwarf-with-dsym";
				ENABLE_NS_ASSERTIONS = NO;
				ENABLE_STRICT_OBJC_MSGSEND = YES;
				ENABLE_USER_SCRIPT_SANDBOXING = YES;
				GCC_C_LANGUAGE_STANDARD = gnu17;
				GCC_NO_COMMON_BLOCKS = YES;
				GCC_WARN_64_TO_32_BIT_CONVERSION = YES;
				GCC_WARN_ABOUT_RETURN_TYPE = YES_ERROR;
				GCC_WARN_UNDECLARED_SELECTOR = YES;
				GCC_WARN_UNINITIALIZED_AUTOS = YES_AGGRESSIVE;
				GCC_WARN_UNUSED_FUNCTION = YES;
				GCC_WARN_UNUSED_VARIABLE = YES;
				IPHONEOS_DEPLOYMENT_TARGET = 17.2;
				LOCALIZATION_PREFERS_STRING_CATALOGS = YES;
				MTL_ENABLE_DEBUG_INFO = NO;
				MTL_FAST_MATH = YES;
				SDKROOT = iphoneos;
				SWIFT_COMPILATION_MODE = wholemodule;
				VALIDATE_PRODUCT = YES;
			};
			name = Release;
		};
		CB78184C2B7D802B0077671A /* Debug */ = {
			isa = XCBuildConfiguration;
			buildSettings = {
				ASSETCATALOG_COMPILER_APPICON_NAME = AppIcon;
				ASSETCATALOG_COMPILER_GLOBAL_ACCENT_COLOR_NAME = AccentColor;
				CODE_SIGN_ENTITLEMENTS = prefab/prefab.entitlements;
				CODE_SIGN_STYLE = Automatic;
				CURRENT_PROJECT_VERSION = 1;
				DEVELOPMENT_ASSET_PATHS = "\"prefab/Preview Content\"";
				DEVELOPMENT_TEAM = X799XV22B8;
				ENABLE_PREVIEWS = YES;
				GENERATE_INFOPLIST_FILE = YES;
				INFOPLIST_KEY_NSHomeKitUsageDescription = "Homekit access is required for prefab to function";
				INFOPLIST_KEY_UIApplicationSceneManifest_Generation = YES;
				INFOPLIST_KEY_UIApplicationSupportsIndirectInputEvents = YES;
				INFOPLIST_KEY_UILaunchScreen_Generation = YES;
				INFOPLIST_KEY_UISupportedInterfaceOrientations_iPad = "UIInterfaceOrientationPortrait UIInterfaceOrientationPortraitUpsideDown UIInterfaceOrientationLandscapeLeft UIInterfaceOrientationLandscapeRight";
				INFOPLIST_KEY_UISupportedInterfaceOrientations_iPhone = "UIInterfaceOrientationPortrait UIInterfaceOrientationLandscapeLeft UIInterfaceOrientationLandscapeRight";
				LD_RUNPATH_SEARCH_PATHS = (
					"$(inherited)",
					"@executable_path/Frameworks",
				);
				MARKETING_VERSION = 1.0;
				PRODUCT_BUNDLE_IDENTIFIER = com.kellyp.prefab;
				PRODUCT_NAME = "$(TARGET_NAME)";
				SUPPORTED_PLATFORMS = "iphoneos iphonesimulator";
				SUPPORTS_MACCATALYST = NO;
				SUPPORTS_XR_DESIGNED_FOR_IPHONE_IPAD = NO;
				SWIFT_EMIT_LOC_STRINGS = YES;
				SWIFT_VERSION = 5.0;
				TARGETED_DEVICE_FAMILY = 2;
			};
			name = Debug;
		};
		CB78184D2B7D802B0077671A /* Release */ = {
			isa = XCBuildConfiguration;
			buildSettings = {
				ASSETCATALOG_COMPILER_APPICON_NAME = AppIcon;
				ASSETCATALOG_COMPILER_GLOBAL_ACCENT_COLOR_NAME = AccentColor;
				CODE_SIGN_ENTITLEMENTS = prefab/prefab.entitlements;
				CODE_SIGN_STYLE = Automatic;
				CURRENT_PROJECT_VERSION = 1;
				DEVELOPMENT_ASSET_PATHS = "\"prefab/Preview Content\"";
				DEVELOPMENT_TEAM = X799XV22B8;
				ENABLE_PREVIEWS = YES;
				GENERATE_INFOPLIST_FILE = YES;
				INFOPLIST_KEY_NSHomeKitUsageDescription = "Homekit access is required for prefab to function";
				INFOPLIST_KEY_UIApplicationSceneManifest_Generation = YES;
				INFOPLIST_KEY_UIApplicationSupportsIndirectInputEvents = YES;
				INFOPLIST_KEY_UILaunchScreen_Generation = YES;
				INFOPLIST_KEY_UISupportedInterfaceOrientations_iPad = "UIInterfaceOrientationPortrait UIInterfaceOrientationPortraitUpsideDown UIInterfaceOrientationLandscapeLeft UIInterfaceOrientationLandscapeRight";
				INFOPLIST_KEY_UISupportedInterfaceOrientations_iPhone = "UIInterfaceOrientationPortrait UIInterfaceOrientationLandscapeLeft UIInterfaceOrientationLandscapeRight";
				LD_RUNPATH_SEARCH_PATHS = (
					"$(inherited)",
					"@executable_path/Frameworks",
				);
				MARKETING_VERSION = 1.0;
				PRODUCT_BUNDLE_IDENTIFIER = com.kellyp.prefab;
				PRODUCT_NAME = "$(TARGET_NAME)";
				SUPPORTED_PLATFORMS = "iphoneos iphonesimulator";
				SUPPORTS_MACCATALYST = NO;
				SUPPORTS_XR_DESIGNED_FOR_IPHONE_IPAD = NO;
				SWIFT_EMIT_LOC_STRINGS = YES;
				SWIFT_VERSION = 5.0;
				TARGETED_DEVICE_FAMILY = 2;
			};
			name = Release;
		};
		CB78184F2B7D802B0077671A /* Debug */ = {
			isa = XCBuildConfiguration;
			buildSettings = {
				ALWAYS_EMBED_SWIFT_STANDARD_LIBRARIES = YES;
				BUNDLE_LOADER = "$(TEST_HOST)";
				CODE_SIGN_STYLE = Automatic;
				CURRENT_PROJECT_VERSION = 1;
				GENERATE_INFOPLIST_FILE = YES;
				IPHONEOS_DEPLOYMENT_TARGET = 17.2;
				MARKETING_VERSION = 1.0;
				PRODUCT_BUNDLE_IDENTIFIER = com.kellyp.prefabTests;
				PRODUCT_NAME = "$(TARGET_NAME)";
				SWIFT_EMIT_LOC_STRINGS = NO;
				SWIFT_VERSION = 5.0;
				TARGETED_DEVICE_FAMILY = "1,2";
				TEST_HOST = "$(BUILT_PRODUCTS_DIR)/prefab.app/$(BUNDLE_EXECUTABLE_FOLDER_PATH)/prefab";
			};
			name = Debug;
		};
		CB7818502B7D802B0077671A /* Release */ = {
			isa = XCBuildConfiguration;
			buildSettings = {
				ALWAYS_EMBED_SWIFT_STANDARD_LIBRARIES = YES;
				BUNDLE_LOADER = "$(TEST_HOST)";
				CODE_SIGN_STYLE = Automatic;
				CURRENT_PROJECT_VERSION = 1;
				GENERATE_INFOPLIST_FILE = YES;
				IPHONEOS_DEPLOYMENT_TARGET = 17.2;
				MARKETING_VERSION = 1.0;
				PRODUCT_BUNDLE_IDENTIFIER = com.kellyp.prefabTests;
				PRODUCT_NAME = "$(TARGET_NAME)";
				SWIFT_EMIT_LOC_STRINGS = NO;
				SWIFT_VERSION = 5.0;
				TARGETED_DEVICE_FAMILY = "1,2";
				TEST_HOST = "$(BUILT_PRODUCTS_DIR)/prefab.app/$(BUNDLE_EXECUTABLE_FOLDER_PATH)/prefab";
			};
			name = Release;
		};
		CB7818522B7D802B0077671A /* Debug */ = {
			isa = XCBuildConfiguration;
			buildSettings = {
				ALWAYS_EMBED_SWIFT_STANDARD_LIBRARIES = YES;
				CODE_SIGN_STYLE = Automatic;
				CURRENT_PROJECT_VERSION = 1;
				GENERATE_INFOPLIST_FILE = YES;
				MARKETING_VERSION = 1.0;
				PRODUCT_BUNDLE_IDENTIFIER = com.kellyp.prefabUITests;
				PRODUCT_NAME = "$(TARGET_NAME)";
				SWIFT_EMIT_LOC_STRINGS = NO;
				SWIFT_VERSION = 5.0;
				TARGETED_DEVICE_FAMILY = "1,2";
				TEST_TARGET_NAME = prefab;
			};
			name = Debug;
		};
		CB7818532B7D802B0077671A /* Release */ = {
			isa = XCBuildConfiguration;
			buildSettings = {
				ALWAYS_EMBED_SWIFT_STANDARD_LIBRARIES = YES;
				CODE_SIGN_STYLE = Automatic;
				CURRENT_PROJECT_VERSION = 1;
				GENERATE_INFOPLIST_FILE = YES;
				MARKETING_VERSION = 1.0;
				PRODUCT_BUNDLE_IDENTIFIER = com.kellyp.prefabUITests;
				PRODUCT_NAME = "$(TARGET_NAME)";
				SWIFT_EMIT_LOC_STRINGS = NO;
				SWIFT_VERSION = 5.0;
				TARGETED_DEVICE_FAMILY = "1,2";
				TEST_TARGET_NAME = prefab;
			};
			name = Release;
		};
/* End XCBuildConfiguration section */

/* Begin XCConfigurationList section */
		CB7818222B7D802A0077671A /* Build configuration list for PBXProject "prefab" */ = {
			isa = XCConfigurationList;
			buildConfigurations = (
				CB7818492B7D802B0077671A /* Debug */,
				CB78184A2B7D802B0077671A /* Release */,
			);
			defaultConfigurationIsVisible = 0;
			defaultConfigurationName = Release;
		};
		CB78184B2B7D802B0077671A /* Build configuration list for PBXNativeTarget "prefab" */ = {
			isa = XCConfigurationList;
			buildConfigurations = (
				CB78184C2B7D802B0077671A /* Debug */,
				CB78184D2B7D802B0077671A /* Release */,
			);
			defaultConfigurationIsVisible = 0;
			defaultConfigurationName = Release;
		};
		CB78184E2B7D802B0077671A /* Build configuration list for PBXNativeTarget "prefabTests" */ = {
			isa = XCConfigurationList;
			buildConfigurations = (
				CB78184F2B7D802B0077671A /* Debug */,
				CB7818502B7D802B0077671A /* Release */,
			);
			defaultConfigurationIsVisible = 0;
			defaultConfigurationName = Release;
		};
		CB7818512B7D802B0077671A /* Build configuration list for PBXNativeTarget "prefabUITests" */ = {
			isa = XCConfigurationList;
			buildConfigurations = (
				CB7818522B7D802B0077671A /* Debug */,
				CB7818532B7D802B0077671A /* Release */,
			);
			defaultConfigurationIsVisible = 0;
			defaultConfigurationName = Release;
		};
/* End XCConfigurationList section */

/* Begin XCRemoteSwiftPackageReference section */
		CB7818592B7D812E0077671A /* XCRemoteSwiftPackageReference "hummingbird" */ = {
			isa = XCRemoteSwiftPackageReference;
			repositoryURL = "https://github.com/hummingbird-project/hummingbird.git";
			requirement = {
				kind = upToNextMajorVersion;
				minimumVersion = 1.12.0;
			};
		};
/* End XCRemoteSwiftPackageReference section */

/* Begin XCSwiftPackageProductDependency section */
		CB78185A2B7D812E0077671A /* Hummingbird */ = {
			isa = XCSwiftPackageProductDependency;
			package = CB7818592B7D812E0077671A /* XCRemoteSwiftPackageReference "hummingbird" */;
			productName = Hummingbird;
		};
/* End XCSwiftPackageProductDependency section */
	};
	rootObject = CB78181F2B7D802A0077671A /* Project object */;
}
